
Microsoft Visual Studio Solution File, Format Version 12.00
# Visual Studio Version 17
VisualStudioVersion = 17.0.31903.59
MinimumVisualStudioVersion = 10.0.40219.1
Project("{FAE04EC0-301F-11D3-BF4B-00C04F79EFBC}") = "Telegram2Todoist.Functions", "Telegram2Todoist.Functions\Telegram2Todoist.Functions.csproj", "{BE93B0BF-5104-449D-8009-235DC60223C4}"
EndProject
Project("{FAE04EC0-301F-11D3-BF4B-00C04F79EFBC}") = "Telegram2Todoist.Tests", "Telegram2Todoist.Tests\Telegram2Todoist.Tests.csproj", "{AF0BEB81-B369-4025-81F1-4D857472D5C4}"
EndProject
Global
	GlobalSection(SolutionConfigurationPlatforms) = preSolution
		Debug|Any CPU = Debug|Any CPU
		Release|Any CPU = Release|Any CPU
	EndGlobalSection
	GlobalSection(SolutionProperties) = preSolution
		HideSolutionNode = FALSE
	EndGlobalSection
	GlobalSection(ProjectConfigurationPlatforms) = postSolution
		{BE93B0BF-5104-449D-8009-235DC60223C4}.Debug|Any CPU.ActiveCfg = Debug|Any CPU
		{BE93B0BF-5104-449D-8009-235DC60223C4}.Debug|Any CPU.Build.0 = Debug|Any CPU
		{BE93B0BF-5104-449D-8009-235DC60223C4}.Release|Any CPU.ActiveCfg = Release|Any CPU
		{BE93B0BF-5104-449D-8009-235DC60223C4}.Release|Any CPU.Build.0 = Release|Any CPU
		{AF0BEB81-B369-4025-81F1-4D857472D5C4}.Debug|Any CPU.ActiveCfg = Debug|Any CPU
		{AF0BEB81-B369-4025-81F1-4D857472D5C4}.Debug|Any CPU.Build.0 = Debug|Any CPU
		{AF0BEB81-B369-4025-81F1-4D857472D5C4}.Release|Any CPU.ActiveCfg = Release|Any CPU
		{AF0BEB81-B369-4025-81F1-4D857472D5C4}.Release|Any CPU.Build.0 = Release|Any CPU
	EndGlobalSection
EndGlobal
